
Microsoft Visual Studio Solution File, Format Version 12.00
# Visual Studio 15
VisualStudioVersion = 15.0.26124.0
MinimumVisualStudioVersion = 15.0.26124.0
Project("{FAE04EC0-301F-11D3-BF4B-00C04F79EFBC}") = "Dominio", "Dominio\Dominio.csproj", "{48AD7217-C902-4B25-A12B-57438756C8FE}"
EndProject
Project("{FAE04EC0-301F-11D3-BF4B-00C04F79EFBC}") = "Aplicacion", "Aplicacion\Aplicacion.csproj", "{9448CDEB-A15D-41EC-86E0-D81111ACF804}"
EndProject
Project("{FAE04EC0-301F-11D3-BF4B-00C04F79EFBC}") = "Persistencia", "Persistencia\Persistencia.csproj", "{94D439BD-23A8-4F80-9B9F-2D571113B829}"
EndProject
Project("{FAE04EC0-301F-11D3-BF4B-00C04F79EFBC}") = "WebAPI", "WebAPI\WebAPI.csproj", "{AB544159-5E0D-4750-A8D0-EAF2C034BB4B}"
EndProject
Project("{FAE04EC0-301F-11D3-BF4B-00C04F79EFBC}") = "Seguridad", "Seguridad\Seguridad.csproj", "{B4CAAAFE-8E5E-4E7E-BB94-1FAC897FACA0}"
EndProject
Global
	GlobalSection(SolutionConfigurationPlatforms) = preSolution
		Debug|Any CPU = Debug|Any CPU
		Debug|x64 = Debug|x64
		Debug|x86 = Debug|x86
		Release|Any CPU = Release|Any CPU
		Release|x64 = Release|x64
		Release|x86 = Release|x86
	EndGlobalSection
	GlobalSection(SolutionProperties) = preSolution
		HideSolutionNode = FALSE
	EndGlobalSection
	GlobalSection(ProjectConfigurationPlatforms) = postSolution
		{48AD7217-C902-4B25-A12B-57438756C8FE}.Debug|Any CPU.ActiveCfg = Debug|Any CPU
		{48AD7217-C902-4B25-A12B-57438756C8FE}.Debug|Any CPU.Build.0 = Debug|Any CPU
		{48AD7217-C902-4B25-A12B-57438756C8FE}.Debug|x64.ActiveCfg = Debug|Any CPU
		{48AD7217-C902-4B25-A12B-57438756C8FE}.Debug|x64.Build.0 = Debug|Any CPU
		{48AD7217-C902-4B25-A12B-57438756C8FE}.Debug|x86.ActiveCfg = Debug|Any CPU
		{48AD7217-C902-4B25-A12B-57438756C8FE}.Debug|x86.Build.0 = Debug|Any CPU
		{48AD7217-C902-4B25-A12B-57438756C8FE}.Release|Any CPU.ActiveCfg = Release|Any CPU
		{48AD7217-C902-4B25-A12B-57438756C8FE}.Release|Any CPU.Build.0 = Release|Any CPU
		{48AD7217-C902-4B25-A12B-57438756C8FE}.Release|x64.ActiveCfg = Release|Any CPU
		{48AD7217-C902-4B25-A12B-57438756C8FE}.Release|x64.Build.0 = Release|Any CPU
		{48AD7217-C902-4B25-A12B-57438756C8FE}.Release|x86.ActiveCfg = Release|Any CPU
		{48AD7217-C902-4B25-A12B-57438756C8FE}.Release|x86.Build.0 = Release|Any CPU
		{9448CDEB-A15D-41EC-86E0-D81111ACF804}.Debug|Any CPU.ActiveCfg = Debug|Any CPU
		{9448CDEB-A15D-41EC-86E0-D81111ACF804}.Debug|Any CPU.Build.0 = Debug|Any CPU
		{9448CDEB-A15D-41EC-86E0-D81111ACF804}.Debug|x64.ActiveCfg = Debug|Any CPU
		{9448CDEB-A15D-41EC-86E0-D81111ACF804}.Debug|x64.Build.0 = Debug|Any CPU
		{9448CDEB-A15D-41EC-86E0-D81111ACF804}.Debug|x86.ActiveCfg = Debug|Any CPU
		{9448CDEB-A15D-41EC-86E0-D81111ACF804}.Debug|x86.Build.0 = Debug|Any CPU
		{9448CDEB-A15D-41EC-86E0-D81111ACF804}.Release|Any CPU.ActiveCfg = Release|Any CPU
		{9448CDEB-A15D-41EC-86E0-D81111ACF804}.Release|Any CPU.Build.0 = Release|Any CPU
		{9448CDEB-A15D-41EC-86E0-D81111ACF804}.Release|x64.ActiveCfg = Release|Any CPU
		{9448CDEB-A15D-41EC-86E0-D81111ACF804}.Release|x64.Build.0 = Release|Any CPU
		{9448CDEB-A15D-41EC-86E0-D81111ACF804}.Release|x86.ActiveCfg = Release|Any CPU
		{9448CDEB-A15D-41EC-86E0-D81111ACF804}.Release|x86.Build.0 = Release|Any CPU
		{94D439BD-23A8-4F80-9B9F-2D571113B829}.Debug|Any CPU.ActiveCfg = Debug|Any CPU
		{94D439BD-23A8-4F80-9B9F-2D571113B829}.Debug|Any CPU.Build.0 = Debug|Any CPU
		{94D439BD-23A8-4F80-9B9F-2D571113B829}.Debug|x64.ActiveCfg = Debug|Any CPU
		{94D439BD-23A8-4F80-9B9F-2D571113B829}.Debug|x64.Build.0 = Debug|Any CPU
		{94D439BD-23A8-4F80-9B9F-2D571113B829}.Debug|x86.ActiveCfg = Debug|Any CPU
		{94D439BD-23A8-4F80-9B9F-2D571113B829}.Debug|x86.Build.0 = Debug|Any CPU
		{94D439BD-23A8-4F80-9B9F-2D571113B829}.Release|Any CPU.ActiveCfg = Release|Any CPU
		{94D439BD-23A8-4F80-9B9F-2D571113B829}.Release|Any CPU.Build.0 = Release|Any CPU
		{94D439BD-23A8-4F80-9B9F-2D571113B829}.Release|x64.ActiveCfg = Release|Any CPU
		{94D439BD-23A8-4F80-9B9F-2D571113B829}.Release|x64.Build.0 = Release|Any CPU
		{94D439BD-23A8-4F80-9B9F-2D571113B829}.Release|x86.ActiveCfg = Release|Any CPU
		{94D439BD-23A8-4F80-9B9F-2D571113B829}.Release|x86.Build.0 = Release|Any CPU
		{AB544159-5E0D-4750-A8D0-EAF2C034BB4B}.Debug|Any CPU.ActiveCfg = Debug|Any CPU
		{AB544159-5E0D-4750-A8D0-EAF2C034BB4B}.Debug|Any CPU.Build.0 = Debug|Any CPU
		{AB544159-5E0D-4750-A8D0-EAF2C034BB4B}.Debug|x64.ActiveCfg = Debug|Any CPU
		{AB544159-5E0D-4750-A8D0-EAF2C034BB4B}.Debug|x64.Build.0 = Debug|Any CPU
		{AB544159-5E0D-4750-A8D0-EAF2C034BB4B}.Debug|x86.ActiveCfg = Debug|Any CPU
		{AB544159-5E0D-4750-A8D0-EAF2C034BB4B}.Debug|x86.Build.0 = Debug|Any CPU
		{AB544159-5E0D-4750-A8D0-EAF2C034BB4B}.Release|Any CPU.ActiveCfg = Release|Any CPU
		{AB544159-5E0D-4750-A8D0-EAF2C034BB4B}.Release|Any CPU.Build.0 = Release|Any CPU
		{AB544159-5E0D-4750-A8D0-EAF2C034BB4B}.Release|x64.ActiveCfg = Release|Any CPU
		{AB544159-5E0D-4750-A8D0-EAF2C034BB4B}.Release|x64.Build.0 = Release|Any CPU
		{AB544159-5E0D-4750-A8D0-EAF2C034BB4B}.Release|x86.ActiveCfg = Release|Any CPU
		{AB544159-5E0D-4750-A8D0-EAF2C034BB4B}.Release|x86.Build.0 = Release|Any CPU
		{B4CAAAFE-8E5E-4E7E-BB94-1FAC897FACA0}.Debug|Any CPU.ActiveCfg = Debug|Any CPU
		{B4CAAAFE-8E5E-4E7E-BB94-1FAC897FACA0}.Debug|Any CPU.Build.0 = Debug|Any CPU
		{B4CAAAFE-8E5E-4E7E-BB94-1FAC897FACA0}.Debug|x64.ActiveCfg = Debug|Any CPU
		{B4CAAAFE-8E5E-4E7E-BB94-1FAC897FACA0}.Debug|x64.Build.0 = Debug|Any CPU
		{B4CAAAFE-8E5E-4E7E-BB94-1FAC897FACA0}.Debug|x86.ActiveCfg = Debug|Any CPU
		{B4CAAAFE-8E5E-4E7E-BB94-1FAC897FACA0}.Debug|x86.Build.0 = Debug|Any CPU
		{B4CAAAFE-8E5E-4E7E-BB94-1FAC897FACA0}.Release|Any CPU.ActiveCfg = Release|Any CPU
		{B4CAAAFE-8E5E-4E7E-BB94-1FAC897FACA0}.Release|Any CPU.Build.0 = Release|Any CPU
		{B4CAAAFE-8E5E-4E7E-BB94-1FAC897FACA0}.Release|x64.ActiveCfg = Release|Any CPU
		{B4CAAAFE-8E5E-4E7E-BB94-1FAC897FACA0}.Release|x64.Build.0 = Release|Any CPU
		{B4CAAAFE-8E5E-4E7E-BB94-1FAC897FACA0}.Release|x86.ActiveCfg = Release|Any CPU
		{B4CAAAFE-8E5E-4E7E-BB94-1FAC897FACA0}.Release|x86.Build.0 = Release|Any CPU
	EndGlobalSection
EndGlobal
